
Microsoft Visual Studio Solution File, Format Version 12.00
# Visual Studio 2013
VisualStudioVersion = 12.0.31101.0
MinimumVisualStudioVersion = 10.0.40219.1
Project("{8BC9CEB8-8B4A-11D0-8D11-00A0C91BC942}") = "Acm1638", "Acm1638\Acm1638.vcxproj", "{65F24226-A119-41EF-99EA-D26131107DEC}"
EndProject
Project("{8BC9CEB8-8B4A-11D0-8D11-00A0C91BC942}") = "Acm1409", "Acm1409\Acm1409.vcxproj", "{6085F38F-3C30-47B3-A7CE-3E3A46156812}"
EndProject
Project("{8BC9CEB8-8B4A-11D0-8D11-00A0C91BC942}") = "Acm1293", "Acm1293\Acm1293.vcxproj", "{E40D1804-5901-4E71-B904-FB04B85A99F9}"
EndProject
Project("{8BC9CEB8-8B4A-11D0-8D11-00A0C91BC942}") = "Acm1785", "Acm1785\Acm1785.vcxproj", "{84A4ABC4-B315-4F85-8C0A-F0AADF33DFA1}"
EndProject
Project("{8BC9CEB8-8B4A-11D0-8D11-00A0C91BC942}") = "Acm1120", "Acm1120\Acm1120.vcxproj", "{46F3BC25-3E07-422F-A337-83047B3E1C89}"
EndProject
Project("{2150E333-8FDC-42A3-9474-1A3956D46DE8}") = "Solution Items", "Solution Items", "{3ADCBFEF-02EB-4F80-B629-B600813CADCE}"
	ProjectSection(SolutionItems) = preProject
		Readme.txt = Readme.txt
	EndProjectSection
EndProject
Project("{8BC9CEB8-8B4A-11D0-8D11-00A0C91BC942}") = "Acm2012", "Acm2012\Acm2012.vcxproj", "{A5B815BD-6F0F-4133-AA7C-8AF2F819DB63}"
EndProject
Project("{8BC9CEB8-8B4A-11D0-8D11-00A0C91BC942}") = "Acm1877", "Acm1877\Acm1877.vcxproj", "{14B49A00-2616-4961-9ACD-3951C7609B58}"
EndProject
Project("{8BC9CEB8-8B4A-11D0-8D11-00A0C91BC942}") = "Acm1581", "Acm1581\Acm1581.vcxproj", "{62A71278-EED2-412D-B76F-E9F682A1686A}"
EndProject
Project("{8BC9CEB8-8B4A-11D0-8D11-00A0C91BC942}") = "Acm1820", "Acm1820\Acm1820.vcxproj", "{E6DBF3A7-885D-4683-BC54-8232402A2419}"
EndProject
Project("{8BC9CEB8-8B4A-11D0-8D11-00A0C91BC942}") = "Acm2001", "Acm2001\Acm2001.vcxproj", "{4A476FBB-194A-4552-80C1-62710462F155}"
EndProject
Project("{8BC9CEB8-8B4A-11D0-8D11-00A0C91BC942}") = "Acm1263", "Acm1263\Acm1263.vcxproj", "{B688D5E8-142E-412C-9B92-5FEC483F0A53}"
EndProject
Project("{8BC9CEB8-8B4A-11D0-8D11-00A0C91BC942}") = "Acm1264", "Acm1264\Acm1264.vcxproj", "{58BCC90F-51C2-4996-8C35-C18CACF136F3}"
EndProject
Project("{8BC9CEB8-8B4A-11D0-8D11-00A0C91BC942}") = "Acm1787", "Acm1787\Acm1787.vcxproj", "{22866038-FB74-43B2-843B-16B2899436B7}"
EndProject
Project("{8BC9CEB8-8B4A-11D0-8D11-00A0C91BC942}") = "Acm1197", "Acm1197\Acm1197.vcxproj", "{0275E97C-8BDD-45A9-9012-3F08C2AE00BC}"
EndProject
Project("{8BC9CEB8-8B4A-11D0-8D11-00A0C91BC942}") = "Acm1313", "Acm1313\Acm1313.vcxproj", "{2469B1AB-5275-4D56-9007-7F12392B8348}"
EndProject
Project("{8BC9CEB8-8B4A-11D0-8D11-00A0C91BC942}") = "Acm1910", "Acm1910\Acm1910.vcxproj", "{184995CD-ECD2-4664-8330-DDC5683AE85A}"
EndProject
Project("{8BC9CEB8-8B4A-11D0-8D11-00A0C91BC942}") = "Acm1880", "Acm1880\Acm1880.vcxproj", "{1426172D-EA09-4E53-939E-0175BA49AB18}"
EndProject
Project("{8BC9CEB8-8B4A-11D0-8D11-00A0C91BC942}") = "Acm1298", "Acm1298\Acm1298.vcxproj", "{C62BB213-BE3F-4AC2-9F59-0DFFE7B742F9}"
EndProject
Project("{8BC9CEB8-8B4A-11D0-8D11-00A0C91BC942}") = "Acm1639", "Acm1639\Acm1639.vcxproj", "{29ECFDA1-B9CA-4C78-9525-56B033ABCA09}"
EndProject
Project("{8BC9CEB8-8B4A-11D0-8D11-00A0C91BC942}") = "Acm1493", "Acm1493\Acm1493.vcxproj", "{44AD1F3A-58FC-4555-8E7A-47F50F9507F9}"
EndProject
Global
	GlobalSection(SolutionConfigurationPlatforms) = preSolution
		Debug|Win32 = Debug|Win32
		Debug|x64 = Debug|x64
		Release|Win32 = Release|Win32
		Release|x64 = Release|x64
	EndGlobalSection
	GlobalSection(ProjectConfigurationPlatforms) = postSolution
		{65F24226-A119-41EF-99EA-D26131107DEC}.Debug|Win32.ActiveCfg = Debug|Win32
		{65F24226-A119-41EF-99EA-D26131107DEC}.Debug|Win32.Build.0 = Debug|Win32
		{65F24226-A119-41EF-99EA-D26131107DEC}.Debug|x64.ActiveCfg = Debug|Win32
		{65F24226-A119-41EF-99EA-D26131107DEC}.Release|Win32.ActiveCfg = Release|Win32
		{65F24226-A119-41EF-99EA-D26131107DEC}.Release|Win32.Build.0 = Release|Win32
		{65F24226-A119-41EF-99EA-D26131107DEC}.Release|x64.ActiveCfg = Release|Win32
		{6085F38F-3C30-47B3-A7CE-3E3A46156812}.Debug|Win32.ActiveCfg = Debug|Win32
		{6085F38F-3C30-47B3-A7CE-3E3A46156812}.Debug|Win32.Build.0 = Debug|Win32
		{6085F38F-3C30-47B3-A7CE-3E3A46156812}.Debug|x64.ActiveCfg = Debug|Win32
		{6085F38F-3C30-47B3-A7CE-3E3A46156812}.Release|Win32.ActiveCfg = Release|Win32
		{6085F38F-3C30-47B3-A7CE-3E3A46156812}.Release|Win32.Build.0 = Release|Win32
		{6085F38F-3C30-47B3-A7CE-3E3A46156812}.Release|x64.ActiveCfg = Release|Win32
		{E40D1804-5901-4E71-B904-FB04B85A99F9}.Debug|Win32.ActiveCfg = Debug|Win32
		{E40D1804-5901-4E71-B904-FB04B85A99F9}.Debug|Win32.Build.0 = Debug|Win32
		{E40D1804-5901-4E71-B904-FB04B85A99F9}.Debug|x64.ActiveCfg = Debug|x64
		{E40D1804-5901-4E71-B904-FB04B85A99F9}.Debug|x64.Build.0 = Debug|x64
		{E40D1804-5901-4E71-B904-FB04B85A99F9}.Release|Win32.ActiveCfg = Release|Win32
		{E40D1804-5901-4E71-B904-FB04B85A99F9}.Release|Win32.Build.0 = Release|Win32
		{E40D1804-5901-4E71-B904-FB04B85A99F9}.Release|x64.ActiveCfg = Release|x64
		{E40D1804-5901-4E71-B904-FB04B85A99F9}.Release|x64.Build.0 = Release|x64
		{84A4ABC4-B315-4F85-8C0A-F0AADF33DFA1}.Debug|Win32.ActiveCfg = Debug|Win32
		{84A4ABC4-B315-4F85-8C0A-F0AADF33DFA1}.Debug|Win32.Build.0 = Debug|Win32
		{84A4ABC4-B315-4F85-8C0A-F0AADF33DFA1}.Debug|x64.ActiveCfg = Debug|x64
		{84A4ABC4-B315-4F85-8C0A-F0AADF33DFA1}.Debug|x64.Build.0 = Debug|x64
		{84A4ABC4-B315-4F85-8C0A-F0AADF33DFA1}.Release|Win32.ActiveCfg = Release|Win32
		{84A4ABC4-B315-4F85-8C0A-F0AADF33DFA1}.Release|Win32.Build.0 = Release|Win32
		{84A4ABC4-B315-4F85-8C0A-F0AADF33DFA1}.Release|x64.ActiveCfg = Release|x64
		{84A4ABC4-B315-4F85-8C0A-F0AADF33DFA1}.Release|x64.Build.0 = Release|x64
		{46F3BC25-3E07-422F-A337-83047B3E1C89}.Debug|Win32.ActiveCfg = Debug|Win32
		{46F3BC25-3E07-422F-A337-83047B3E1C89}.Debug|Win32.Build.0 = Debug|Win32
		{46F3BC25-3E07-422F-A337-83047B3E1C89}.Debug|x64.ActiveCfg = Debug|x64
		{46F3BC25-3E07-422F-A337-83047B3E1C89}.Debug|x64.Build.0 = Debug|x64
		{46F3BC25-3E07-422F-A337-83047B3E1C89}.Release|Win32.ActiveCfg = Release|Win32
		{46F3BC25-3E07-422F-A337-83047B3E1C89}.Release|Win32.Build.0 = Release|Win32
		{46F3BC25-3E07-422F-A337-83047B3E1C89}.Release|x64.ActiveCfg = Release|x64
		{46F3BC25-3E07-422F-A337-83047B3E1C89}.Release|x64.Build.0 = Release|x64
		{A5B815BD-6F0F-4133-AA7C-8AF2F819DB63}.Debug|Win32.ActiveCfg = Debug|Win32
		{A5B815BD-6F0F-4133-AA7C-8AF2F819DB63}.Debug|Win32.Build.0 = Debug|Win32
		{A5B815BD-6F0F-4133-AA7C-8AF2F819DB63}.Debug|x64.ActiveCfg = Debug|x64
		{A5B815BD-6F0F-4133-AA7C-8AF2F819DB63}.Debug|x64.Build.0 = Debug|x64
		{A5B815BD-6F0F-4133-AA7C-8AF2F819DB63}.Release|Win32.ActiveCfg = Release|Win32
		{A5B815BD-6F0F-4133-AA7C-8AF2F819DB63}.Release|Win32.Build.0 = Release|Win32
		{A5B815BD-6F0F-4133-AA7C-8AF2F819DB63}.Release|x64.ActiveCfg = Release|x64
		{A5B815BD-6F0F-4133-AA7C-8AF2F819DB63}.Release|x64.Build.0 = Release|x64
		{14B49A00-2616-4961-9ACD-3951C7609B58}.Debug|Win32.ActiveCfg = Debug|Win32
		{14B49A00-2616-4961-9ACD-3951C7609B58}.Debug|Win32.Build.0 = Debug|Win32
		{14B49A00-2616-4961-9ACD-3951C7609B58}.Debug|x64.ActiveCfg = Debug|x64
		{14B49A00-2616-4961-9ACD-3951C7609B58}.Debug|x64.Build.0 = Debug|x64
		{14B49A00-2616-4961-9ACD-3951C7609B58}.Release|Win32.ActiveCfg = Release|Win32
		{14B49A00-2616-4961-9ACD-3951C7609B58}.Release|Win32.Build.0 = Release|Win32
		{14B49A00-2616-4961-9ACD-3951C7609B58}.Release|x64.ActiveCfg = Release|x64
		{14B49A00-2616-4961-9ACD-3951C7609B58}.Release|x64.Build.0 = Release|x64
		{62A71278-EED2-412D-B76F-E9F682A1686A}.Debug|Win32.ActiveCfg = Debug|Win32
		{62A71278-EED2-412D-B76F-E9F682A1686A}.Debug|Win32.Build.0 = Debug|Win32
		{62A71278-EED2-412D-B76F-E9F682A1686A}.Debug|x64.ActiveCfg = Debug|x64
		{62A71278-EED2-412D-B76F-E9F682A1686A}.Debug|x64.Build.0 = Debug|x64
		{62A71278-EED2-412D-B76F-E9F682A1686A}.Release|Win32.ActiveCfg = Release|Win32
		{62A71278-EED2-412D-B76F-E9F682A1686A}.Release|Win32.Build.0 = Release|Win32
		{62A71278-EED2-412D-B76F-E9F682A1686A}.Release|x64.ActiveCfg = Release|x64
		{62A71278-EED2-412D-B76F-E9F682A1686A}.Release|x64.Build.0 = Release|x64
		{E6DBF3A7-885D-4683-BC54-8232402A2419}.Debug|Win32.ActiveCfg = Debug|Win32
		{E6DBF3A7-885D-4683-BC54-8232402A2419}.Debug|Win32.Build.0 = Debug|Win32
		{E6DBF3A7-885D-4683-BC54-8232402A2419}.Debug|x64.ActiveCfg = Debug|x64
		{E6DBF3A7-885D-4683-BC54-8232402A2419}.Debug|x64.Build.0 = Debug|x64
		{E6DBF3A7-885D-4683-BC54-8232402A2419}.Release|Win32.ActiveCfg = Release|Win32
		{E6DBF3A7-885D-4683-BC54-8232402A2419}.Release|Win32.Build.0 = Release|Win32
		{E6DBF3A7-885D-4683-BC54-8232402A2419}.Release|x64.ActiveCfg = Release|x64
		{E6DBF3A7-885D-4683-BC54-8232402A2419}.Release|x64.Build.0 = Release|x64
		{4A476FBB-194A-4552-80C1-62710462F155}.Debug|Win32.ActiveCfg = Debug|Win32
		{4A476FBB-194A-4552-80C1-62710462F155}.Debug|Win32.Build.0 = Debug|Win32
		{4A476FBB-194A-4552-80C1-62710462F155}.Debug|x64.ActiveCfg = Debug|x64
		{4A476FBB-194A-4552-80C1-62710462F155}.Debug|x64.Build.0 = Debug|x64
		{4A476FBB-194A-4552-80C1-62710462F155}.Release|Win32.ActiveCfg = Release|Win32
		{4A476FBB-194A-4552-80C1-62710462F155}.Release|Win32.Build.0 = Release|Win32
		{4A476FBB-194A-4552-80C1-62710462F155}.Release|x64.ActiveCfg = Release|x64
		{4A476FBB-194A-4552-80C1-62710462F155}.Release|x64.Build.0 = Release|x64
		{B688D5E8-142E-412C-9B92-5FEC483F0A53}.Debug|Win32.ActiveCfg = Debug|Win32
		{B688D5E8-142E-412C-9B92-5FEC483F0A53}.Debug|Win32.Build.0 = Debug|Win32
		{B688D5E8-142E-412C-9B92-5FEC483F0A53}.Debug|x64.ActiveCfg = Debug|x64
		{B688D5E8-142E-412C-9B92-5FEC483F0A53}.Debug|x64.Build.0 = Debug|x64
		{B688D5E8-142E-412C-9B92-5FEC483F0A53}.Release|Win32.ActiveCfg = Release|Win32
		{B688D5E8-142E-412C-9B92-5FEC483F0A53}.Release|Win32.Build.0 = Release|Win32
		{B688D5E8-142E-412C-9B92-5FEC483F0A53}.Release|x64.ActiveCfg = Release|x64
		{B688D5E8-142E-412C-9B92-5FEC483F0A53}.Release|x64.Build.0 = Release|x64
		{58BCC90F-51C2-4996-8C35-C18CACF136F3}.Debug|Win32.ActiveCfg = Debug|Win32
		{58BCC90F-51C2-4996-8C35-C18CACF136F3}.Debug|Win32.Build.0 = Debug|Win32
		{58BCC90F-51C2-4996-8C35-C18CACF136F3}.Debug|x64.ActiveCfg = Debug|x64
		{58BCC90F-51C2-4996-8C35-C18CACF136F3}.Debug|x64.Build.0 = Debug|x64
		{58BCC90F-51C2-4996-8C35-C18CACF136F3}.Release|Win32.ActiveCfg = Release|Win32
		{58BCC90F-51C2-4996-8C35-C18CACF136F3}.Release|Win32.Build.0 = Release|Win32
		{58BCC90F-51C2-4996-8C35-C18CACF136F3}.Release|x64.ActiveCfg = Release|x64
		{58BCC90F-51C2-4996-8C35-C18CACF136F3}.Release|x64.Build.0 = Release|x64
		{22866038-FB74-43B2-843B-16B2899436B7}.Debug|Win32.ActiveCfg = Debug|Win32
		{22866038-FB74-43B2-843B-16B2899436B7}.Debug|Win32.Build.0 = Debug|Win32
		{22866038-FB74-43B2-843B-16B2899436B7}.Debug|x64.ActiveCfg = Debug|x64
		{22866038-FB74-43B2-843B-16B2899436B7}.Debug|x64.Build.0 = Debug|x64
		{22866038-FB74-43B2-843B-16B2899436B7}.Release|Win32.ActiveCfg = Release|Win32
		{22866038-FB74-43B2-843B-16B2899436B7}.Release|Win32.Build.0 = Release|Win32
		{22866038-FB74-43B2-843B-16B2899436B7}.Release|x64.ActiveCfg = Release|x64
		{22866038-FB74-43B2-843B-16B2899436B7}.Release|x64.Build.0 = Release|x64
		{0275E97C-8BDD-45A9-9012-3F08C2AE00BC}.Debug|Win32.ActiveCfg = Debug|Win32
		{0275E97C-8BDD-45A9-9012-3F08C2AE00BC}.Debug|Win32.Build.0 = Debug|Win32
		{0275E97C-8BDD-45A9-9012-3F08C2AE00BC}.Debug|x64.ActiveCfg = Debug|x64
		{0275E97C-8BDD-45A9-9012-3F08C2AE00BC}.Debug|x64.Build.0 = Debug|x64
		{0275E97C-8BDD-45A9-9012-3F08C2AE00BC}.Release|Win32.ActiveCfg = Release|Win32
		{0275E97C-8BDD-45A9-9012-3F08C2AE00BC}.Release|Win32.Build.0 = Release|Win32
		{0275E97C-8BDD-45A9-9012-3F08C2AE00BC}.Release|x64.ActiveCfg = Release|x64
		{0275E97C-8BDD-45A9-9012-3F08C2AE00BC}.Release|x64.Build.0 = Release|x64
		{2469B1AB-5275-4D56-9007-7F12392B8348}.Debug|Win32.ActiveCfg = Debug|Win32
		{2469B1AB-5275-4D56-9007-7F12392B8348}.Debug|Win32.Build.0 = Debug|Win32
		{2469B1AB-5275-4D56-9007-7F12392B8348}.Debug|x64.ActiveCfg = Debug|x64
		{2469B1AB-5275-4D56-9007-7F12392B8348}.Debug|x64.Build.0 = Debug|x64
		{2469B1AB-5275-4D56-9007-7F12392B8348}.Release|Win32.ActiveCfg = Release|Win32
		{2469B1AB-5275-4D56-9007-7F12392B8348}.Release|Win32.Build.0 = Release|Win32
		{2469B1AB-5275-4D56-9007-7F12392B8348}.Release|x64.ActiveCfg = Release|x64
		{2469B1AB-5275-4D56-9007-7F12392B8348}.Release|x64.Build.0 = Release|x64
		{184995CD-ECD2-4664-8330-DDC5683AE85A}.Debug|Win32.ActiveCfg = Debug|Win32
		{184995CD-ECD2-4664-8330-DDC5683AE85A}.Debug|Win32.Build.0 = Debug|Win32
		{184995CD-ECD2-4664-8330-DDC5683AE85A}.Debug|x64.ActiveCfg = Debug|Win32
		{184995CD-ECD2-4664-8330-DDC5683AE85A}.Release|Win32.ActiveCfg = Release|Win32
		{184995CD-ECD2-4664-8330-DDC5683AE85A}.Release|Win32.Build.0 = Release|Win32
		{184995CD-ECD2-4664-8330-DDC5683AE85A}.Release|x64.ActiveCfg = Release|Win32
		{1426172D-EA09-4E53-939E-0175BA49AB18}.Debug|Win32.ActiveCfg = Debug|Win32
		{1426172D-EA09-4E53-939E-0175BA49AB18}.Debug|Win32.Build.0 = Debug|Win32
		{1426172D-EA09-4E53-939E-0175BA49AB18}.Debug|x64.ActiveCfg = Debug|Win32
		{1426172D-EA09-4E53-939E-0175BA49AB18}.Release|Win32.ActiveCfg = Release|Win32
		{1426172D-EA09-4E53-939E-0175BA49AB18}.Release|Win32.Build.0 = Release|Win32
		{1426172D-EA09-4E53-939E-0175BA49AB18}.Release|x64.ActiveCfg = Release|Win32
		{C62BB213-BE3F-4AC2-9F59-0DFFE7B742F9}.Debug|Win32.ActiveCfg = Debug|Win32
		{C62BB213-BE3F-4AC2-9F59-0DFFE7B742F9}.Debug|Win32.Build.0 = Debug|Win32
		{C62BB213-BE3F-4AC2-9F59-0DFFE7B742F9}.Debug|x64.ActiveCfg = Debug|Win32
		{C62BB213-BE3F-4AC2-9F59-0DFFE7B742F9}.Release|Win32.ActiveCfg = Release|Win32
		{C62BB213-BE3F-4AC2-9F59-0DFFE7B742F9}.Release|Win32.Build.0 = Release|Win32
		{C62BB213-BE3F-4AC2-9F59-0DFFE7B742F9}.Release|x64.ActiveCfg = Release|Win32
		{29ECFDA1-B9CA-4C78-9525-56B033ABCA09}.Debug|Win32.ActiveCfg = Debug|Win32
		{29ECFDA1-B9CA-4C78-9525-56B033ABCA09}.Debug|Win32.Build.0 = Debug|Win32
		{29ECFDA1-B9CA-4C78-9525-56B033ABCA09}.Debug|x64.ActiveCfg = Debug|Win32
		{29ECFDA1-B9CA-4C78-9525-56B033ABCA09}.Release|Win32.ActiveCfg = Release|Win32
		{29ECFDA1-B9CA-4C78-9525-56B033ABCA09}.Release|Win32.Build.0 = Release|Win32
		{29ECFDA1-B9CA-4C78-9525-56B033ABCA09}.Release|x64.ActiveCfg = Release|Win32
		{44AD1F3A-58FC-4555-8E7A-47F50F9507F9}.Debug|Win32.ActiveCfg = Debug|Win32
		{44AD1F3A-58FC-4555-8E7A-47F50F9507F9}.Debug|Win32.Build.0 = Debug|Win32
		{44AD1F3A-58FC-4555-8E7A-47F50F9507F9}.Debug|x64.ActiveCfg = Debug|Win32
		{44AD1F3A-58FC-4555-8E7A-47F50F9507F9}.Release|Win32.ActiveCfg = Release|Win32
		{44AD1F3A-58FC-4555-8E7A-47F50F9507F9}.Release|Win32.Build.0 = Release|Win32
		{44AD1F3A-58FC-4555-8E7A-47F50F9507F9}.Release|x64.ActiveCfg = Release|Win32
	EndGlobalSection
	GlobalSection(SolutionProperties) = preSolution
		HideSolutionNode = FALSE
	EndGlobalSection
EndGlobal
