
Microsoft Visual Studio Solution File, Format Version 12.00
# Visual Studio 14
VisualStudioVersion = 14.0.23107.0
MinimumVisualStudioVersion = 10.0.40219.1
Project("{2150E333-8FDC-42A3-9474-1A3956D46DE8}") = "Solution Items", "Solution Items", "{3ADCBFEF-02EB-4F80-B629-B600813CADCE}"
	ProjectSection(SolutionItems) = preProject
		Readme.txt = Readme.txt
	EndProjectSection
EndProject
Project("{8BC9CEB8-8B4A-11D0-8D11-00A0C91BC942}") = "Acm1313", "Acm1313\Acm1313.vcxproj", "{2469B1AB-5275-4D56-9007-7F12392B8348}"
EndProject
Project("{8BC9CEB8-8B4A-11D0-8D11-00A0C91BC942}") = "Acm1298", "Acm1298\Acm1298.vcxproj", "{C62BB213-BE3F-4AC2-9F59-0DFFE7B742F9}"
EndProject
Project("{8BC9CEB8-8B4A-11D0-8D11-00A0C91BC942}") = "Acm1086", "Acm1086\Acm1086.vcxproj", "{09EBA17B-2666-4A61-BC14-78FE32D78877}"
EndProject
Project("{8BC9CEB8-8B4A-11D0-8D11-00A0C91BC942}") = "Acm2013", "Acm2013\Acm2013.vcxproj", "{3B6EEA6A-809A-4995-83F5-85796FEEFC06}"
EndProject
Project("{8BC9CEB8-8B4A-11D0-8D11-00A0C91BC942}") = "Acm1490", "Acm1490\Acm1490.vcxproj", "{52C5D17A-FDB2-4CC4-91A2-382EDBC889D3}"
EndProject
Project("{8BC9CEB8-8B4A-11D0-8D11-00A0C91BC942}") = "Acm1567", "Acm1567\Acm1567.vcxproj", "{C527F458-06FA-4151-B077-ADE8EFADCC0A}"
EndProject
Project("{8BC9CEB8-8B4A-11D0-8D11-00A0C91BC942}") = "Acm1234", "Acm1234\Acm1234.vcxproj", "{F8101321-2CE6-476D-8D1D-759FBE9BA40F}"
EndProject
Global
	GlobalSection(SolutionConfigurationPlatforms) = preSolution
		Debug|Win32 = Debug|Win32
		Debug|x64 = Debug|x64
		Release|Win32 = Release|Win32
		Release|x64 = Release|x64
	EndGlobalSection
	GlobalSection(ProjectConfigurationPlatforms) = postSolution
		{2469B1AB-5275-4D56-9007-7F12392B8348}.Debug|Win32.ActiveCfg = Debug|Win32
		{2469B1AB-5275-4D56-9007-7F12392B8348}.Debug|Win32.Build.0 = Debug|Win32
		{2469B1AB-5275-4D56-9007-7F12392B8348}.Debug|x64.ActiveCfg = Debug|x64
		{2469B1AB-5275-4D56-9007-7F12392B8348}.Debug|x64.Build.0 = Debug|x64
		{2469B1AB-5275-4D56-9007-7F12392B8348}.Release|Win32.ActiveCfg = Release|Win32
		{2469B1AB-5275-4D56-9007-7F12392B8348}.Release|Win32.Build.0 = Release|Win32
		{2469B1AB-5275-4D56-9007-7F12392B8348}.Release|x64.ActiveCfg = Release|x64
		{2469B1AB-5275-4D56-9007-7F12392B8348}.Release|x64.Build.0 = Release|x64
		{C62BB213-BE3F-4AC2-9F59-0DFFE7B742F9}.Debug|Win32.ActiveCfg = Debug|Win32
		{C62BB213-BE3F-4AC2-9F59-0DFFE7B742F9}.Debug|Win32.Build.0 = Debug|Win32
		{C62BB213-BE3F-4AC2-9F59-0DFFE7B742F9}.Debug|x64.ActiveCfg = Debug|Win32
		{C62BB213-BE3F-4AC2-9F59-0DFFE7B742F9}.Release|Win32.ActiveCfg = Release|Win32
		{C62BB213-BE3F-4AC2-9F59-0DFFE7B742F9}.Release|Win32.Build.0 = Release|Win32
		{C62BB213-BE3F-4AC2-9F59-0DFFE7B742F9}.Release|x64.ActiveCfg = Release|Win32
		{09EBA17B-2666-4A61-BC14-78FE32D78877}.Debug|Win32.ActiveCfg = Debug|Win32
		{09EBA17B-2666-4A61-BC14-78FE32D78877}.Debug|Win32.Build.0 = Debug|Win32
		{09EBA17B-2666-4A61-BC14-78FE32D78877}.Debug|x64.ActiveCfg = Debug|x64
		{09EBA17B-2666-4A61-BC14-78FE32D78877}.Debug|x64.Build.0 = Debug|x64
		{09EBA17B-2666-4A61-BC14-78FE32D78877}.Release|Win32.ActiveCfg = Release|Win32
		{09EBA17B-2666-4A61-BC14-78FE32D78877}.Release|Win32.Build.0 = Release|Win32
		{09EBA17B-2666-4A61-BC14-78FE32D78877}.Release|x64.ActiveCfg = Release|x64
		{09EBA17B-2666-4A61-BC14-78FE32D78877}.Release|x64.Build.0 = Release|x64
		{3B6EEA6A-809A-4995-83F5-85796FEEFC06}.Debug|Win32.ActiveCfg = Debug|Win32
		{3B6EEA6A-809A-4995-83F5-85796FEEFC06}.Debug|Win32.Build.0 = Debug|Win32
		{3B6EEA6A-809A-4995-83F5-85796FEEFC06}.Debug|x64.ActiveCfg = Debug|Win32
		{3B6EEA6A-809A-4995-83F5-85796FEEFC06}.Release|Win32.ActiveCfg = Release|Win32
		{3B6EEA6A-809A-4995-83F5-85796FEEFC06}.Release|Win32.Build.0 = Release|Win32
		{3B6EEA6A-809A-4995-83F5-85796FEEFC06}.Release|x64.ActiveCfg = Release|Win32
		{52C5D17A-FDB2-4CC4-91A2-382EDBC889D3}.Debug|Win32.ActiveCfg = Debug|Win32
		{52C5D17A-FDB2-4CC4-91A2-382EDBC889D3}.Debug|Win32.Build.0 = Debug|Win32
		{52C5D17A-FDB2-4CC4-91A2-382EDBC889D3}.Debug|x64.ActiveCfg = Debug|x64
		{52C5D17A-FDB2-4CC4-91A2-382EDBC889D3}.Debug|x64.Build.0 = Debug|x64
		{52C5D17A-FDB2-4CC4-91A2-382EDBC889D3}.Release|Win32.ActiveCfg = Release|Win32
		{52C5D17A-FDB2-4CC4-91A2-382EDBC889D3}.Release|Win32.Build.0 = Release|Win32
		{52C5D17A-FDB2-4CC4-91A2-382EDBC889D3}.Release|x64.ActiveCfg = Release|x64
		{52C5D17A-FDB2-4CC4-91A2-382EDBC889D3}.Release|x64.Build.0 = Release|x64
		{C527F458-06FA-4151-B077-ADE8EFADCC0A}.Debug|Win32.ActiveCfg = Debug|Win32
		{C527F458-06FA-4151-B077-ADE8EFADCC0A}.Debug|Win32.Build.0 = Debug|Win32
		{C527F458-06FA-4151-B077-ADE8EFADCC0A}.Debug|x64.ActiveCfg = Debug|Win32
		{C527F458-06FA-4151-B077-ADE8EFADCC0A}.Release|Win32.ActiveCfg = Release|Win32
		{C527F458-06FA-4151-B077-ADE8EFADCC0A}.Release|Win32.Build.0 = Release|Win32
		{C527F458-06FA-4151-B077-ADE8EFADCC0A}.Release|x64.ActiveCfg = Release|Win32
		{F8101321-2CE6-476D-8D1D-759FBE9BA40F}.Debug|Win32.ActiveCfg = Debug|Win32
		{F8101321-2CE6-476D-8D1D-759FBE9BA40F}.Debug|Win32.Build.0 = Debug|Win32
		{F8101321-2CE6-476D-8D1D-759FBE9BA40F}.Debug|x64.ActiveCfg = Debug|x64
		{F8101321-2CE6-476D-8D1D-759FBE9BA40F}.Debug|x64.Build.0 = Debug|x64
		{F8101321-2CE6-476D-8D1D-759FBE9BA40F}.Release|Win32.ActiveCfg = Release|Win32
		{F8101321-2CE6-476D-8D1D-759FBE9BA40F}.Release|Win32.Build.0 = Release|Win32
		{F8101321-2CE6-476D-8D1D-759FBE9BA40F}.Release|x64.ActiveCfg = Release|x64
		{F8101321-2CE6-476D-8D1D-759FBE9BA40F}.Release|x64.Build.0 = Release|x64
	EndGlobalSection
	GlobalSection(SolutionProperties) = preSolution
		HideSolutionNode = FALSE
	EndGlobalSection
EndGlobal
