Microsoft Visual Studio Solution File, Format Version 12.00
# Visual Studio 14
VisualStudioVersion = 14.0.23107.0
MinimumVisualStudioVersion = 10.0.40219.1
Project("{2150E333-8FDC-42A3-9474-1A3956D46DE8}") = "Solution Items", "Solution Items", "{3ADCBFEF-02EB-4F80-B629-B600813CADCE}"
	ProjectSection(SolutionItems) = preProject
		Readme.txt = Readme.txt
	EndProjectSection
EndProject
Project("{8BC9CEB8-8B4A-11D0-8D11-00A0C91BC942}") = "Acm1298", "Acm1298\Acm1298.vcxproj", "{C62BB213-BE3F-4AC2-9F59-0DFFE7B742F9}"
EndProject
Project("{8BC9CEB8-8B4A-11D0-8D11-00A0C91BC942}") = "Acm1086", "Acm1086\Acm1086.vcxproj", "{09EBA17B-2666-4A61-BC14-78FE32D78877}"
EndProject
Project("{8BC9CEB8-8B4A-11D0-8D11-00A0C91BC942}") = "Acm2013", "Acm2013\Acm2013.vcxproj", "{3B6EEA6A-809A-4995-83F5-85796FEEFC06}"
EndProject
Project("{8BC9CEB8-8B4A-11D0-8D11-00A0C91BC942}") = "Acm1596", "Acm1596\Acm1596.vcxproj", "{EBB86AE9-2DBE-43BE-BDE9-DB0D58671B8E}"
EndProject
Project("{8BC9CEB8-8B4A-11D0-8D11-00A0C91BC942}") = "Acm1022", "Acm1022\Acm1022.vcxproj", "{890A84C9-5955-4391-9F0A-51A2E0A81F79}"
EndProject
Project("{FAE04EC0-301F-11D3-BF4B-00C04F79EFBC}") = "Acm1542cs", "Acm1542cs\Acm1542cs.csproj", "{ED4A3643-0F74-4F4F-9352-F44E92F3250E}"
EndProject
Project("{FAE04EC0-301F-11D3-BF4B-00C04F79EFBC}") = "Acm1542csTest", "Acm1542csTest\Acm1542csTest.csproj", "{44C4B407-87E5-46CA-BF1B-B93E225F25E8}"
EndProject
Project("{8BC9CEB8-8B4A-11D0-8D11-00A0C91BC942}") = "Acm1332", "Acm1332\Acm1332.vcxproj", "{7DA3A5C2-2CB6-4120-9BCD-72059FC8158C}"
EndProject
Global
	GlobalSection(SolutionConfigurationPlatforms) = preSolution
		Debug|Any CPU = Debug|Any CPU
		Debug|Win32 = Debug|Win32
		Debug|x64 = Debug|x64
		Release|Any CPU = Release|Any CPU
		Release|Win32 = Release|Win32
		Release|x64 = Release|x64
	EndGlobalSection
	GlobalSection(ProjectConfigurationPlatforms) = postSolution
		{C62BB213-BE3F-4AC2-9F59-0DFFE7B742F9}.Debug|Any CPU.ActiveCfg = Debug|Win32
		{C62BB213-BE3F-4AC2-9F59-0DFFE7B742F9}.Debug|Win32.ActiveCfg = Debug|Win32
		{C62BB213-BE3F-4AC2-9F59-0DFFE7B742F9}.Debug|Win32.Build.0 = Debug|Win32
		{C62BB213-BE3F-4AC2-9F59-0DFFE7B742F9}.Debug|x64.ActiveCfg = Debug|Win32
		{C62BB213-BE3F-4AC2-9F59-0DFFE7B742F9}.Release|Any CPU.ActiveCfg = Release|Win32
		{C62BB213-BE3F-4AC2-9F59-0DFFE7B742F9}.Release|Win32.ActiveCfg = Release|Win32
		{C62BB213-BE3F-4AC2-9F59-0DFFE7B742F9}.Release|Win32.Build.0 = Release|Win32
		{C62BB213-BE3F-4AC2-9F59-0DFFE7B742F9}.Release|x64.ActiveCfg = Release|Win32
		{09EBA17B-2666-4A61-BC14-78FE32D78877}.Debug|Any CPU.ActiveCfg = Debug|Win32
		{09EBA17B-2666-4A61-BC14-78FE32D78877}.Debug|Win32.ActiveCfg = Debug|Win32
		{09EBA17B-2666-4A61-BC14-78FE32D78877}.Debug|Win32.Build.0 = Debug|Win32
		{09EBA17B-2666-4A61-BC14-78FE32D78877}.Debug|x64.ActiveCfg = Debug|x64
		{09EBA17B-2666-4A61-BC14-78FE32D78877}.Debug|x64.Build.0 = Debug|x64
		{09EBA17B-2666-4A61-BC14-78FE32D78877}.Release|Any CPU.ActiveCfg = Release|Win32
		{09EBA17B-2666-4A61-BC14-78FE32D78877}.Release|Win32.ActiveCfg = Release|Win32
		{09EBA17B-2666-4A61-BC14-78FE32D78877}.Release|Win32.Build.0 = Release|Win32
		{09EBA17B-2666-4A61-BC14-78FE32D78877}.Release|x64.ActiveCfg = Release|x64
		{09EBA17B-2666-4A61-BC14-78FE32D78877}.Release|x64.Build.0 = Release|x64
		{3B6EEA6A-809A-4995-83F5-85796FEEFC06}.Debug|Any CPU.ActiveCfg = Debug|Win32
		{3B6EEA6A-809A-4995-83F5-85796FEEFC06}.Debug|Win32.ActiveCfg = Debug|Win32
		{3B6EEA6A-809A-4995-83F5-85796FEEFC06}.Debug|Win32.Build.0 = Debug|Win32
		{3B6EEA6A-809A-4995-83F5-85796FEEFC06}.Debug|x64.ActiveCfg = Debug|Win32
		{3B6EEA6A-809A-4995-83F5-85796FEEFC06}.Release|Any CPU.ActiveCfg = Release|Win32
		{3B6EEA6A-809A-4995-83F5-85796FEEFC06}.Release|Win32.ActiveCfg = Release|Win32
		{3B6EEA6A-809A-4995-83F5-85796FEEFC06}.Release|Win32.Build.0 = Release|Win32
		{3B6EEA6A-809A-4995-83F5-85796FEEFC06}.Release|x64.ActiveCfg = Release|Win32
		{EBB86AE9-2DBE-43BE-BDE9-DB0D58671B8E}.Debug|Any CPU.ActiveCfg = Debug|Win32
		{EBB86AE9-2DBE-43BE-BDE9-DB0D58671B8E}.Debug|Win32.ActiveCfg = Debug|Win32
		{EBB86AE9-2DBE-43BE-BDE9-DB0D58671B8E}.Debug|Win32.Build.0 = Debug|Win32
		{EBB86AE9-2DBE-43BE-BDE9-DB0D58671B8E}.Debug|x64.ActiveCfg = Debug|Win32
		{EBB86AE9-2DBE-43BE-BDE9-DB0D58671B8E}.Release|Any CPU.ActiveCfg = Release|Win32
		{EBB86AE9-2DBE-43BE-BDE9-DB0D58671B8E}.Release|Win32.ActiveCfg = Release|Win32
		{EBB86AE9-2DBE-43BE-BDE9-DB0D58671B8E}.Release|Win32.Build.0 = Release|Win32
		{EBB86AE9-2DBE-43BE-BDE9-DB0D58671B8E}.Release|x64.ActiveCfg = Release|Win32
		{890A84C9-5955-4391-9F0A-51A2E0A81F79}.Debug|Any CPU.ActiveCfg = Debug|Win32
		{890A84C9-5955-4391-9F0A-51A2E0A81F79}.Debug|Win32.ActiveCfg = Debug|Win32
		{890A84C9-5955-4391-9F0A-51A2E0A81F79}.Debug|Win32.Build.0 = Debug|Win32
		{890A84C9-5955-4391-9F0A-51A2E0A81F79}.Debug|x64.ActiveCfg = Debug|x64
		{890A84C9-5955-4391-9F0A-51A2E0A81F79}.Debug|x64.Build.0 = Debug|x64
		{890A84C9-5955-4391-9F0A-51A2E0A81F79}.Release|Any CPU.ActiveCfg = Release|Win32
		{890A84C9-5955-4391-9F0A-51A2E0A81F79}.Release|Win32.ActiveCfg = Release|Win32
		{890A84C9-5955-4391-9F0A-51A2E0A81F79}.Release|Win32.Build.0 = Release|Win32
		{890A84C9-5955-4391-9F0A-51A2E0A81F79}.Release|x64.ActiveCfg = Release|x64
		{890A84C9-5955-4391-9F0A-51A2E0A81F79}.Release|x64.Build.0 = Release|x64
		{ED4A3643-0F74-4F4F-9352-F44E92F3250E}.Debug|Any CPU.ActiveCfg = Debug|Any CPU
		{ED4A3643-0F74-4F4F-9352-F44E92F3250E}.Debug|Any CPU.Build.0 = Debug|Any CPU
		{ED4A3643-0F74-4F4F-9352-F44E92F3250E}.Debug|Win32.ActiveCfg = Debug|Any CPU
		{ED4A3643-0F74-4F4F-9352-F44E92F3250E}.Debug|Win32.Build.0 = Debug|Any CPU
		{ED4A3643-0F74-4F4F-9352-F44E92F3250E}.Debug|x64.ActiveCfg = Debug|Any CPU
		{ED4A3643-0F74-4F4F-9352-F44E92F3250E}.Debug|x64.Build.0 = Debug|Any CPU
		{ED4A3643-0F74-4F4F-9352-F44E92F3250E}.Release|Any CPU.ActiveCfg = Release|Any CPU
		{ED4A3643-0F74-4F4F-9352-F44E92F3250E}.Release|Any CPU.Build.0 = Release|Any CPU
		{ED4A3643-0F74-4F4F-9352-F44E92F3250E}.Release|Win32.ActiveCfg = Release|Any CPU
		{ED4A3643-0F74-4F4F-9352-F44E92F3250E}.Release|Win32.Build.0 = Release|Any CPU
		{ED4A3643-0F74-4F4F-9352-F44E92F3250E}.Release|x64.ActiveCfg = Release|Any CPU
		{ED4A3643-0F74-4F4F-9352-F44E92F3250E}.Release|x64.Build.0 = Release|Any CPU
		{44C4B407-87E5-46CA-BF1B-B93E225F25E8}.Debug|Any CPU.ActiveCfg = Debug|Any CPU
		{44C4B407-87E5-46CA-BF1B-B93E225F25E8}.Debug|Any CPU.Build.0 = Debug|Any CPU
		{44C4B407-87E5-46CA-BF1B-B93E225F25E8}.Debug|Win32.ActiveCfg = Debug|Any CPU
		{44C4B407-87E5-46CA-BF1B-B93E225F25E8}.Debug|Win32.Build.0 = Debug|Any CPU
		{44C4B407-87E5-46CA-BF1B-B93E225F25E8}.Debug|x64.ActiveCfg = Debug|Any CPU
		{44C4B407-87E5-46CA-BF1B-B93E225F25E8}.Debug|x64.Build.0 = Debug|Any CPU
		{44C4B407-87E5-46CA-BF1B-B93E225F25E8}.Release|Any CPU.ActiveCfg = Release|Any CPU
		{44C4B407-87E5-46CA-BF1B-B93E225F25E8}.Release|Any CPU.Build.0 = Release|Any CPU
		{44C4B407-87E5-46CA-BF1B-B93E225F25E8}.Release|Win32.ActiveCfg = Release|Any CPU
		{44C4B407-87E5-46CA-BF1B-B93E225F25E8}.Release|Win32.Build.0 = Release|Any CPU
		{44C4B407-87E5-46CA-BF1B-B93E225F25E8}.Release|x64.ActiveCfg = Release|Any CPU
		{44C4B407-87E5-46CA-BF1B-B93E225F25E8}.Release|x64.Build.0 = Release|Any CPU
		{7DA3A5C2-2CB6-4120-9BCD-72059FC8158C}.Debug|Any CPU.ActiveCfg = Debug|Win32
		{7DA3A5C2-2CB6-4120-9BCD-72059FC8158C}.Debug|Win32.ActiveCfg = Debug|Win32
		{7DA3A5C2-2CB6-4120-9BCD-72059FC8158C}.Debug|Win32.Build.0 = Debug|Win32
		{7DA3A5C2-2CB6-4120-9BCD-72059FC8158C}.Debug|x64.ActiveCfg = Debug|x64
		{7DA3A5C2-2CB6-4120-9BCD-72059FC8158C}.Debug|x64.Build.0 = Debug|x64
		{7DA3A5C2-2CB6-4120-9BCD-72059FC8158C}.Release|Any CPU.ActiveCfg = Release|Win32
		{7DA3A5C2-2CB6-4120-9BCD-72059FC8158C}.Release|Win32.ActiveCfg = Release|Win32
		{7DA3A5C2-2CB6-4120-9BCD-72059FC8158C}.Release|Win32.Build.0 = Release|Win32
		{7DA3A5C2-2CB6-4120-9BCD-72059FC8158C}.Release|x64.ActiveCfg = Release|x64
		{7DA3A5C2-2CB6-4120-9BCD-72059FC8158C}.Release|x64.Build.0 = Release|x64
	EndGlobalSection
	GlobalSection(SolutionProperties) = preSolution
		HideSolutionNode = FALSE
	EndGlobalSection
EndGlobal
